// !$*UTF8*$!
{
	archiveVersion = 1;
	classes = {
	};
	objectVersion = 51;
	objects = {

/* Begin PBXBuildFile section */
		5446542A2414580C0048D29E /* AppDelegate.swift in Sources */ = {isa = PBXBuildFile; fileRef = 544654292414580C0048D29E /* AppDelegate.swift */; };
		5446542C2414580C0048D29E /* SceneDelegate.swift in Sources */ = {isa = PBXBuildFile; fileRef = 5446542B2414580C0048D29E /* SceneDelegate.swift */; };
		5446542E2414580C0048D29E /* ViewController.swift in Sources */ = {isa = PBXBuildFile; fileRef = 5446542D2414580C0048D29E /* ViewController.swift */; };
		544654312414580C0048D29E /* Main.storyboard in Resources */ = {isa = PBXBuildFile; fileRef = 5446542F2414580C0048D29E /* Main.storyboard */; };
		544654332414580E0048D29E /* Assets.xcassets in Resources */ = {isa = PBXBuildFile; fileRef = 544654322414580E0048D29E /* Assets.xcassets */; };
		544654362414580E0048D29E /* LaunchScreen.storyboard in Resources */ = {isa = PBXBuildFile; fileRef = 544654342414580E0048D29E /* LaunchScreen.storyboard */; };
		5446543F241459180048D29E /* BottomSheetViewController.swift in Sources */ = {isa = PBXBuildFile; fileRef = 5446543E241459180048D29E /* BottomSheetViewController.swift */; };
		54465441241459820048D29E /* BottomSheetView.swift in Sources */ = {isa = PBXBuildFile; fileRef = 54465440241459820048D29E /* BottomSheetView.swift */; };
		544654632415AB1A0048D29E /* CustomGestureView.swift in Sources */ = {isa = PBXBuildFile; fileRef = 544654622415AB1A0048D29E /* CustomGestureView.swift */; };
		A8A78969B5F035C0A6A5DDA9 /* Pods_BottomSheet.framework in Frameworks */ = {isa = PBXBuildFile; fileRef = E9819C679DE36E3260547546 /* Pods_BottomSheet.framework */; };
/* End PBXBuildFile section */

/* Begin PBXFileReference section */
		544654262414580C0048D29E /* BottomSheet.app */ = {isa = PBXFileReference; explicitFileType = wrapper.application; includeInIndex = 0; path = BottomSheet.app; sourceTree = BUILT_PRODUCTS_DIR; };
		544654292414580C0048D29E /* AppDelegate.swift */ = {isa = PBXFileReference; lastKnownFileType = sourcecode.swift; path = AppDelegate.swift; sourceTree = "<group>"; };
		5446542B2414580C0048D29E /* SceneDelegate.swift */ = {isa = PBXFileReference; lastKnownFileType = sourcecode.swift; path = SceneDelegate.swift; sourceTree = "<group>"; };
		5446542D2414580C0048D29E /* ViewController.swift */ = {isa = PBXFileReference; lastKnownFileType = sourcecode.swift; path = ViewController.swift; sourceTree = "<group>"; };
		544654302414580C0048D29E /* Base */ = {isa = PBXFileReference; lastKnownFileType = file.storyboard; name = Base; path = Base.lproj/Main.storyboard; sourceTree = "<group>"; };
		544654322414580E0048D29E /* Assets.xcassets */ = {isa = PBXFileReference; lastKnownFileType = folder.assetcatalog; path = Assets.xcassets; sourceTree = "<group>"; };
		544654352414580E0048D29E /* Base */ = {isa = PBXFileReference; lastKnownFileType = file.storyboard; name = Base; path = Base.lproj/LaunchScreen.storyboard; sourceTree = "<group>"; };
		544654372414580E0048D29E /* Info.plist */ = {isa = PBXFileReference; lastKnownFileType = text.plist.xml; path = Info.plist; sourceTree = "<group>"; };
		5446543E241459180048D29E /* BottomSheetViewController.swift */ = {isa = PBXFileReference; lastKnownFileType = sourcecode.swift; path = BottomSheetViewController.swift; sourceTree = "<group>"; };
		54465440241459820048D29E /* BottomSheetView.swift */ = {isa = PBXFileReference; lastKnownFileType = sourcecode.swift; path = BottomSheetView.swift; sourceTree = "<group>"; };
		544654622415AB1A0048D29E /* CustomGestureView.swift */ = {isa = PBXFileReference; lastKnownFileType = sourcecode.swift; path = CustomGestureView.swift; sourceTree = "<group>"; };
		DAD3A869C96F171879DC2A86 /* Pods-BottomSheet.debug.xcconfig */ = {isa = PBXFileReference; includeInIndex = 1; lastKnownFileType = text.xcconfig; name = "Pods-BottomSheet.debug.xcconfig"; path = "Target Support Files/Pods-BottomSheet/Pods-BottomSheet.debug.xcconfig"; sourceTree = "<group>"; };
		E9819C679DE36E3260547546 /* Pods_BottomSheet.framework */ = {isa = PBXFileReference; explicitFileType = wrapper.framework; includeInIndex = 0; path = Pods_BottomSheet.framework; sourceTree = BUILT_PRODUCTS_DIR; };
		F90328AF3E3BBB79259C8248 /* Pods-BottomSheet.release.xcconfig */ = {isa = PBXFileReference; includeInIndex = 1; lastKnownFileType = text.xcconfig; name = "Pods-BottomSheet.release.xcconfig"; path = "Target Support Files/Pods-BottomSheet/Pods-BottomSheet.release.xcconfig"; sourceTree = "<group>"; };
/* End PBXFileReference section */

/* Begin PBXFrameworksBuildPhase section */
		544654232414580C0048D29E /* Frameworks */ = {
			isa = PBXFrameworksBuildPhase;
			buildActionMask = 2147483647;
			files = (
				A8A78969B5F035C0A6A5DDA9 /* Pods_BottomSheet.framework in Frameworks */,
			);
			runOnlyForDeploymentPostprocessing = 0;
		};
/* End PBXFrameworksBuildPhase section */

/* Begin PBXGroup section */
		5446541D2414580C0048D29E = {
			isa = PBXGroup;
			children = (
				544654282414580C0048D29E /* BottomSheet */,
				544654272414580C0048D29E /* Products */,
				C253C8F8DD7F836D34BE7C2B /* Pods */,
				B5FD5AD88297A0463C98F5EF /* Frameworks */,
			);
			sourceTree = "<group>";
		};
		544654272414580C0048D29E /* Products */ = {
			isa = PBXGroup;
			children = (
				544654262414580C0048D29E /* BottomSheet.app */,
			);
			name = Products;
			sourceTree = "<group>";
		};
		544654282414580C0048D29E /* BottomSheet */ = {
			isa = PBXGroup;
			children = (
				5446543D241458FD0048D29E /* BottomSheet */,
				544654292414580C0048D29E /* AppDelegate.swift */,
				5446542B2414580C0048D29E /* SceneDelegate.swift */,
				5446542D2414580C0048D29E /* ViewController.swift */,
				5446542F2414580C0048D29E /* Main.storyboard */,
				544654322414580E0048D29E /* Assets.xcassets */,
				544654342414580E0048D29E /* LaunchScreen.storyboard */,
				544654372414580E0048D29E /* Info.plist */,
			);
			path = BottomSheet;
			sourceTree = "<group>";
		};
		5446543D241458FD0048D29E /* BottomSheet */ = {
			isa = PBXGroup;
			children = (
				5446543E241459180048D29E /* BottomSheetViewController.swift */,
				54465440241459820048D29E /* BottomSheetView.swift */,
				544654622415AB1A0048D29E /* CustomGestureView.swift */,
			);
			path = BottomSheet;
			sourceTree = "<group>";
		};
		B5FD5AD88297A0463C98F5EF /* Frameworks */ = {
			isa = PBXGroup;
			children = (
				E9819C679DE36E3260547546 /* Pods_BottomSheet.framework */,
			);
			name = Frameworks;
			sourceTree = "<group>";
		};
		C253C8F8DD7F836D34BE7C2B /* Pods */ = {
			isa = PBXGroup;
			children = (
				DAD3A869C96F171879DC2A86 /* Pods-BottomSheet.debug.xcconfig */,
				F90328AF3E3BBB79259C8248 /* Pods-BottomSheet.release.xcconfig */,
			);
			path = Pods;
			sourceTree = "<group>";
		};
/* End PBXGroup section */

/* Begin PBXNativeTarget section */
		544654252414580C0048D29E /* BottomSheet */ = {
			isa = PBXNativeTarget;
			buildConfigurationList = 5446543A2414580E0048D29E /* Build configuration list for PBXNativeTarget "BottomSheet" */;
			buildPhases = (
				D50D8B95BA3301ACB923537F /* [CP] Check Pods Manifest.lock */,
				544654222414580C0048D29E /* Sources */,
				544654232414580C0048D29E /* Frameworks */,
				544654242414580C0048D29E /* Resources */,
				05FF151832C0FDFA62714B2D /* [CP] Embed Pods Frameworks */,
			);
			buildRules = (
			);
			dependencies = (
			);
			name = BottomSheet;
			productName = BottomSheet;
			productReference = 544654262414580C0048D29E /* BottomSheet.app */;
			productType = "com.apple.product-type.application";
		};
/* End PBXNativeTarget section */

/* Begin PBXProject section */
		5446541E2414580C0048D29E /* Project object */ = {
			isa = PBXProject;
			attributes = {
				LastSwiftUpdateCheck = 1130;
				LastUpgradeCheck = 1130;
				ORGANIZATIONNAME = "Luan Orlando";
				TargetAttributes = {
					544654252414580C0048D29E = {
						CreatedOnToolsVersion = 11.3.1;
					};
				};
			};
			buildConfigurationList = 544654212414580C0048D29E /* Build configuration list for PBXProject "BottomSheet" */;
			compatibilityVersion = "Xcode 9.3";
			developmentRegion = en;
			hasScannedForEncodings = 0;
			knownRegions = (
				en,
				Base,
			);
			mainGroup = 5446541D2414580C0048D29E;
			productRefGroup = 544654272414580C0048D29E /* Products */;
			projectDirPath = "";
			projectRoot = "";
			targets = (
				544654252414580C0048D29E /* BottomSheet */,
			);
		};
/* End PBXProject section */

/* Begin PBXResourcesBuildPhase section */
		544654242414580C0048D29E /* Resources */ = {
			isa = PBXResourcesBuildPhase;
			buildActionMask = 2147483647;
			files = (
				544654362414580E0048D29E /* LaunchScreen.storyboard in Resources */,
				544654332414580E0048D29E /* Assets.xcassets in Resources */,
				544654312414580C0048D29E /* Main.storyboard in Resources */,
			);
			runOnlyForDeploymentPostprocessing = 0;
		};
/* End PBXResourcesBuildPhase section */

/* Begin PBXShellScriptBuildPhase section */
		05FF151832C0FDFA62714B2D /* [CP] Embed Pods Frameworks */ = {
			isa = PBXShellScriptBuildPhase;
			buildActionMask = 2147483647;
			files = (
			);
			inputFileListPaths = (
				"${PODS_ROOT}/Target Support Files/Pods-BottomSheet/Pods-BottomSheet-frameworks-${CONFIGURATION}-input-files.xcfilelist",
			);
			name = "[CP] Embed Pods Frameworks";
			outputFileListPaths = (
				"${PODS_ROOT}/Target Support Files/Pods-BottomSheet/Pods-BottomSheet-frameworks-${CONFIGURATION}-output-files.xcfilelist",
			);
			runOnlyForDeploymentPostprocessing = 0;
			shellPath = /bin/sh;
			shellScript = "\"${PODS_ROOT}/Target Support Files/Pods-BottomSheet/Pods-BottomSheet-frameworks.sh\"\n";
			showEnvVarsInLog = 0;
		};
		D50D8B95BA3301ACB923537F /* [CP] Check Pods Manifest.lock */ = {
			isa = PBXShellScriptBuildPhase;
			buildActionMask = 2147483647;
			files = (
			);
			inputFileListPaths = (
			);
			inputPaths = (
				"${PODS_PODFILE_DIR_PATH}/Podfile.lock",
				"${PODS_ROOT}/Manifest.lock",
			);
			name = "[CP] Check Pods Manifest.lock";
			outputFileListPaths = (
			);
			outputPaths = (
				"$(DERIVED_FILE_DIR)/Pods-BottomSheet-checkManifestLockResult.txt",
			);
			runOnlyForDeploymentPostprocessing = 0;
			shellPath = /bin/sh;
			shellScript = "diff \"${PODS_PODFILE_DIR_PATH}/Podfile.lock\" \"${PODS_ROOT}/Manifest.lock\" > /dev/null\nif [ $? != 0 ] ; then\n    # print error to STDERR\n    echo \"error: The sandbox is not in sync with the Podfile.lock. Run 'pod install' or update your CocoaPods installation.\" >&2\n    exit 1\nfi\n# This output is used by Xcode 'outputs' to avoid re-running this script phase.\necho \"SUCCESS\" > \"${SCRIPT_OUTPUT_FILE_0}\"\n";
			showEnvVarsInLog = 0;
		};
/* End PBXShellScriptBuildPhase section */

/* Begin PBXSourcesBuildPhase section */
		544654222414580C0048D29E /* Sources */ = {
			isa = PBXSourcesBuildPhase;
			buildActionMask = 2147483647;
			files = (
				5446542E2414580C0048D29E /* ViewController.swift in Sources */,
				54465441241459820048D29E /* BottomSheetView.swift in Sources */,
				5446542A2414580C0048D29E /* AppDelegate.swift in Sources */,
				5446542C2414580C0048D29E /* SceneDelegate.swift in Sources */,
				5446543F241459180048D29E /* BottomSheetViewController.swift in Sources */,
				544654632415AB1A0048D29E /* CustomGestureView.swift in Sources */,
			);
			runOnlyForDeploymentPostprocessing = 0;
		};
/* End PBXSourcesBuildPhase section */

/* Begin PBXVariantGroup section */
		5446542F2414580C0048D29E /* Main.storyboard */ = {
			isa = PBXVariantGroup;
			children = (
				544654302414580C0048D29E /* Base */,
			);
			name = Main.storyboard;
			sourceTree = "<group>";
		};
		544654342414580E0048D29E /* LaunchScreen.storyboard */ = {
			isa = PBXVariantGroup;
			children = (
				544654352414580E0048D29E /* Base */,
			);
			name = LaunchScreen.storyboard;
			sourceTree = "<group>";
		};
/* End PBXVariantGroup section */

/* Begin XCBuildConfiguration section */
		544654382414580E0048D29E /* Debug */ = {
			isa = XCBuildConfiguration;
			buildSettings = {
				ALWAYS_SEARCH_USER_PATHS = NO;
				CLANG_ANALYZER_NONNULL = YES;
				CLANG_ANALYZER_NUMBER_OBJECT_CONVERSION = YES_AGGRESSIVE;
				CLANG_CXX_LANGUAGE_STANDARD = "gnu++14";
				CLANG_CXX_LIBRARY = "libc++";
				CLANG_ENABLE_MODULES = YES;
				CLANG_ENABLE_OBJC_ARC = YES;
				CLANG_ENABLE_OBJC_WEAK = YES;
				CLANG_WARN_BLOCK_CAPTURE_AUTORELEASING = YES;
				CLANG_WARN_BOOL_CONVERSION = YES;
				CLANG_WARN_COMMA = YES;
				CLANG_WARN_CONSTANT_CONVERSION = YES;
				CLANG_WARN_DEPRECATED_OBJC_IMPLEMENTATIONS = YES;
				CLANG_WARN_DIRECT_OBJC_ISA_USAGE = YES_ERROR;
				CLANG_WARN_DOCUMENTATION_COMMENTS = YES;
				CLANG_WARN_EMPTY_BODY = YES;
				CLANG_WARN_ENUM_CONVERSION = YES;
				CLANG_WARN_INFINITE_RECURSION = YES;
				CLANG_WARN_INT_CONVERSION = YES;
				CLANG_WARN_NON_LITERAL_NULL_CONVERSION = YES;
				CLANG_WARN_OBJC_IMPLICIT_RETAIN_SELF = YES;
				CLANG_WARN_OBJC_LITERAL_CONVERSION = YES;
				CLANG_WARN_OBJC_ROOT_CLASS = YES_ERROR;
				CLANG_WARN_RANGE_LOOP_ANALYSIS = YES;
				CLANG_WARN_STRICT_PROTOTYPES = YES;
				CLANG_WARN_SUSPICIOUS_MOVE = YES;
				CLANG_WARN_UNGUARDED_AVAILABILITY = YES_AGGRESSIVE;
				CLANG_WARN_UNREACHABLE_CODE = YES;
				CLANG_WARN__DUPLICATE_METHOD_MATCH = YES;
				COPY_PHASE_STRIP = NO;
				DEBUG_INFORMATION_FORMAT = dwarf;
				ENABLE_STRICT_OBJC_MSGSEND = YES;
				ENABLE_TESTABILITY = YES;
				GCC_C_LANGUAGE_STANDARD = gnu11;
				GCC_DYNAMIC_NO_PIC = NO;
				GCC_NO_COMMON_BLOCKS = YES;
				GCC_OPTIMIZATION_LEVEL = 0;
				GCC_PREPROCESSOR_DEFINITIONS = (
					"DEBUG=1",
					"$(inherited)",
				);
				GCC_WARN_64_TO_32_BIT_CONVERSION = YES;
				GCC_WARN_ABOUT_RETURN_TYPE = YES_ERROR;
				GCC_WARN_UNDECLARED_SELECTOR = YES;
				GCC_WARN_UNINITIALIZED_AUTOS = YES_AGGRESSIVE;
				GCC_WARN_UNUSED_FUNCTION = YES;
				GCC_WARN_UNUSED_VARIABLE = YES;
				IPHONEOS_DEPLOYMENT_TARGET = 13.2;
				MTL_ENABLE_DEBUG_INFO = INCLUDE_SOURCE;
				MTL_FAST_MATH = YES;
				ONLY_ACTIVE_ARCH = YES;
				SDKROOT = iphoneos;
				SWIFT_ACTIVE_COMPILATION_CONDITIONS = DEBUG;
				SWIFT_OPTIMIZATION_LEVEL = "-Onone";
			};
			name = Debug;
		};
		544654392414580E0048D29E /* Release */ = {
			isa = XCBuildConfiguration;
			buildSettings = {
				ALWAYS_SEARCH_USER_PATHS = NO;
				CLANG_ANALYZER_NONNULL = YES;
				CLANG_ANALYZER_NUMBER_OBJECT_CONVERSION = YES_AGGRESSIVE;
				CLANG_CXX_LANGUAGE_STANDARD = "gnu++14";
				CLANG_CXX_LIBRARY = "libc++";
				CLANG_ENABLE_MODULES = YES;
				CLANG_ENABLE_OBJC_ARC = YES;
				CLANG_ENABLE_OBJC_WEAK = YES;
				CLANG_WARN_BLOCK_CAPTURE_AUTORELEASING = YES;
				CLANG_WARN_BOOL_CONVERSION = YES;
				CLANG_WARN_COMMA = YES;
				CLANG_WARN_CONSTANT_CONVERSION = YES;
				CLANG_WARN_DEPRECATED_OBJC_IMPLEMENTATIONS = YES;
				CLANG_WARN_DIRECT_OBJC_ISA_USAGE = YES_ERROR;
				CLANG_WARN_DOCUMENTATION_COMMENTS = YES;
				CLANG_WARN_EMPTY_BODY = YES;
				CLANG_WARN_ENUM_CONVERSION = YES;
				CLANG_WARN_INFINITE_RECURSION = YES;
				CLANG_WARN_INT_CONVERSION = YES;
				CLANG_WARN_NON_LITERAL_NULL_CONVERSION = YES;
				CLANG_WARN_OBJC_IMPLICIT_RETAIN_SELF = YES;
				CLANG_WARN_OBJC_LITERAL_CONVERSION = YES;
				CLANG_WARN_OBJC_ROOT_CLASS = YES_ERROR;
				CLANG_WARN_RANGE_LOOP_ANALYSIS = YES;
				CLANG_WARN_STRICT_PROTOTYPES = YES;
				CLANG_WARN_SUSPICIOUS_MOVE = YES;
				CLANG_WARN_UNGUARDED_AVAILABILITY = YES_AGGRESSIVE;
				CLANG_WARN_UNREACHABLE_CODE = YES;
				CLANG_WARN__DUPLICATE_METHOD_MATCH = YES;
				COPY_PHASE_STRIP = NO;
				DEBUG_INFORMATION_FORMAT = "dwarf-with-dsym";
				ENABLE_NS_ASSERTIONS = NO;
				ENABLE_STRICT_OBJC_MSGSEND = YES;
				GCC_C_LANGUAGE_STANDARD = gnu11;
				GCC_NO_COMMON_BLOCKS = YES;
				GCC_WARN_64_TO_32_BIT_CONVERSION = YES;
				GCC_WARN_ABOUT_RETURN_TYPE = YES_ERROR;
				GCC_WARN_UNDECLARED_SELECTOR = YES;
				GCC_WARN_UNINITIALIZED_AUTOS = YES_AGGRESSIVE;
				GCC_WARN_UNUSED_FUNCTION = YES;
				GCC_WARN_UNUSED_VARIABLE = YES;
				IPHONEOS_DEPLOYMENT_TARGET = 13.2;
				MTL_ENABLE_DEBUG_INFO = NO;
				MTL_FAST_MATH = YES;
				SDKROOT = iphoneos;
				SWIFT_COMPILATION_MODE = wholemodule;
				SWIFT_OPTIMIZATION_LEVEL = "-O";
				VALIDATE_PRODUCT = YES;
			};
			name = Release;
		};
		5446543B2414580E0048D29E /* Debug */ = {
			isa = XCBuildConfiguration;
			baseConfigurationReference = DAD3A869C96F171879DC2A86 /* Pods-BottomSheet.debug.xcconfig */;
			buildSettings = {
				ASSETCATALOG_COMPILER_APPICON_NAME = AppIcon;
				CODE_SIGN_STYLE = Automatic;
				INFOPLIST_FILE = BottomSheet/Info.plist;
				LD_RUNPATH_SEARCH_PATHS = (
					"$(inherited)",
					"@executable_path/Frameworks",
				);
				PRODUCT_BUNDLE_IDENTIFIER = com.BottomSheet;
				PRODUCT_NAME = "$(TARGET_NAME)";
				SWIFT_VERSION = 5.0;
				TARGETED_DEVICE_FAMILY = "1,2";
			};
			name = Debug;
		};
		5446543C2414580E0048D29E /* Release */ = {
			isa = XCBuildConfiguration;
			baseConfigurationReference = F90328AF3E3BBB79259C8248 /* Pods-BottomSheet.release.xcconfig */;
			buildSettings = {
				ASSETCATALOG_COMPILER_APPICON_NAME = AppIcon;
				CODE_SIGN_STYLE = Automatic;
				INFOPLIST_FILE = BottomSheet/Info.plist;
				LD_RUNPATH_SEARCH_PATHS = (
					"$(inherited)",
					"@executable_path/Frameworks",
				);
				PRODUCT_BUNDLE_IDENTIFIER = com.BottomSheet;
				PRODUCT_NAME = "$(TARGET_NAME)";
				SWIFT_VERSION = 5.0;
				TARGETED_DEVICE_FAMILY = "1,2";
			};
			name = Release;
		};
/* End XCBuildConfiguration section */

/* Begin XCConfigurationList section */
		544654212414580C0048D29E /* Build configuration list for PBXProject "BottomSheet" */ = {
			isa = XCConfigurationList;
			buildConfigurations = (
				544654382414580E0048D29E /* Debug */,
				544654392414580E0048D29E /* Release */,
			);
			defaultConfigurationIsVisible = 0;
			defaultConfigurationName = Release;
		};
		5446543A2414580E0048D29E /* Build configuration list for PBXNativeTarget "BottomSheet" */ = {
			isa = XCConfigurationList;
			buildConfigurations = (
				5446543B2414580E0048D29E /* Debug */,
				5446543C2414580E0048D29E /* Release */,
			);
			defaultConfigurationIsVisible = 0;
			defaultConfigurationName = Release;
		};
/* End XCConfigurationList section */
	};
	rootObject = 5446541E2414580C0048D29E /* Project object */;
}
